
Microsoft Visual Studio Solution File, Format Version 12.00
# Visual Studio Version 17
VisualStudioVersion = 17.0.31919.166
MinimumVisualStudioVersion = 10.0.40219.1
Project("{2150E333-8FDC-42A3-9474-1A3956D46DE8}") = "src", "src", "{1FD7C45A-06F2-49A7-BF4C-51BB0B891677}"
EndProject
Project("{2150E333-8FDC-42A3-9474-1A3956D46DE8}") = "tests", "tests", "{5366FFC9-7488-496B-9DFC-5E0F327E0B96}"
EndProject
Project("{2150E333-8FDC-42A3-9474-1A3956D46DE8}") = "Infrastructure", "Infrastructure", "{5DE6581C-31A2-4EDE-8A19-ED57B688FE1B}"
EndProject
Project("{2150E333-8FDC-42A3-9474-1A3956D46DE8}") = "Core", "Core", "{4F4F3BB2-EF82-46ED-A8E9-4F3AED7CD064}"
EndProject
Project("{2150E333-8FDC-42A3-9474-1A3956D46DE8}") = "WebApi", "WebApi", "{AA249CC0-063B-4899-B02B-271D93037533}"
EndProject
Project("{9A19103F-16F7-4668-BE54-9A1E7A4F7556}") = "NetCoreWebApp.Application", "NetCoreWebApp\NetCoreWebApp.Application\NetCoreWebApp.Application.csproj", "{09FE5C0A-8E21-4E83-8087-3F74F648E116}"
EndProject
Project("{9A19103F-16F7-4668-BE54-9A1E7A4F7556}") = "NetCoreWebApp.Domain", "NetCoreWebApp\NetCoreWebApp.Domain\NetCoreWebApp.Domain.csproj", "{F6AAC44A-1E0D-4F3D-BD8D-DEA4361EA1D9}"
EndProject
Project("{9A19103F-16F7-4668-BE54-9A1E7A4F7556}") = "NetCoreWebApp.Infrastructure.Identity", "NetCoreWebApp\NetCoreWebApp.Infrastructure.Identity\NetCoreWebApp.Infrastructure.Identity.csproj", "{0749C052-49F9-4C33-AC61-B210A3EE8351}"
EndProject
Project("{9A19103F-16F7-4668-BE54-9A1E7A4F7556}") = "NetCoreWebApp.Infrastructure.Persistence", "NetCoreWebApp\NetCoreWebApp.Infrastructure.Persistence\NetCoreWebApp.Infrastructure.Persistence.csproj", "{14F2BD5C-8566-4BEC-B387-944586B82816}"
EndProject
Project("{9A19103F-16F7-4668-BE54-9A1E7A4F7556}") = "NetCoreWebApp.Infrastructure.Shared", "NetCoreWebApp\NetCoreWebApp.Infrastructure.Shared\NetCoreWebApp.Infrastructure.Shared.csproj", "{BD397731-DE54-4650-9828-96169529F7A5}"
EndProject
Project("{9A19103F-16F7-4668-BE54-9A1E7A4F7556}") = "NetCoreWebApp.Identity.Microservice", "NetCoreWebApp\NetCoreWebApp.Identity.Microservice\NetCoreWebApp.Identity.Microservice.csproj", "{3D7EBC9D-873F-472A-B622-E48ADF44BF91}"
EndProject
Project("{E53339B2-1760-4266-BCC7-CA923CBCF16C}") = "docker-compose", "docker-compose.dcproj", "{52B9E812-D2CD-4CDF-94DB-AEFED2DF7959}"
EndProject
Project("{FAE04EC0-301F-11D3-BF4B-00C04F79EFBC}") = "NetCoreWebApp.Product.Microservice", "NetCoreWebApp.Product.Microservice\NetCoreWebApp.Product.Microservice.csproj", "{C1C40711-F41F-4A3D-8719-A561FD1913F3}"
EndProject
Project("{FAE04EC0-301F-11D3-BF4B-00C04F79EFBC}") = "NetCoreWebApp.Category.Microservice", "NetCoreWebApp.Category.Microservice\NetCoreWebApp.Category.Microservice.csproj", "{D7A1BAE4-BFB8-43CD-8486-2FACE0F430AE}"
EndProject
Global
	GlobalSection(SolutionConfigurationPlatforms) = preSolution
		Debug|Any CPU = Debug|Any CPU
		Release|Any CPU = Release|Any CPU
	EndGlobalSection
	GlobalSection(ProjectConfigurationPlatforms) = postSolution
		{09FE5C0A-8E21-4E83-8087-3F74F648E116}.Debug|Any CPU.ActiveCfg = Debug|Any CPU
		{09FE5C0A-8E21-4E83-8087-3F74F648E116}.Debug|Any CPU.Build.0 = Debug|Any CPU
		{09FE5C0A-8E21-4E83-8087-3F74F648E116}.Release|Any CPU.ActiveCfg = Release|Any CPU
		{09FE5C0A-8E21-4E83-8087-3F74F648E116}.Release|Any CPU.Build.0 = Release|Any CPU
		{F6AAC44A-1E0D-4F3D-BD8D-DEA4361EA1D9}.Debug|Any CPU.ActiveCfg = Debug|Any CPU
		{F6AAC44A-1E0D-4F3D-BD8D-DEA4361EA1D9}.Debug|Any CPU.Build.0 = Debug|Any CPU
		{F6AAC44A-1E0D-4F3D-BD8D-DEA4361EA1D9}.Release|Any CPU.ActiveCfg = Release|Any CPU
		{F6AAC44A-1E0D-4F3D-BD8D-DEA4361EA1D9}.Release|Any CPU.Build.0 = Release|Any CPU
		{0749C052-49F9-4C33-AC61-B210A3EE8351}.Debug|Any CPU.ActiveCfg = Debug|Any CPU
		{0749C052-49F9-4C33-AC61-B210A3EE8351}.Debug|Any CPU.Build.0 = Debug|Any CPU
		{0749C052-49F9-4C33-AC61-B210A3EE8351}.Release|Any CPU.ActiveCfg = Release|Any CPU
		{0749C052-49F9-4C33-AC61-B210A3EE8351}.Release|Any CPU.Build.0 = Release|Any CPU
		{14F2BD5C-8566-4BEC-B387-944586B82816}.Debug|Any CPU.ActiveCfg = Debug|Any CPU
		{14F2BD5C-8566-4BEC-B387-944586B82816}.Debug|Any CPU.Build.0 = Debug|Any CPU
		{14F2BD5C-8566-4BEC-B387-944586B82816}.Release|Any CPU.ActiveCfg = Release|Any CPU
		{14F2BD5C-8566-4BEC-B387-944586B82816}.Release|Any CPU.Build.0 = Release|Any CPU
		{BD397731-DE54-4650-9828-96169529F7A5}.Debug|Any CPU.ActiveCfg = Debug|Any CPU
		{BD397731-DE54-4650-9828-96169529F7A5}.Debug|Any CPU.Build.0 = Debug|Any CPU
		{BD397731-DE54-4650-9828-96169529F7A5}.Release|Any CPU.ActiveCfg = Release|Any CPU
		{BD397731-DE54-4650-9828-96169529F7A5}.Release|Any CPU.Build.0 = Release|Any CPU
		{3D7EBC9D-873F-472A-B622-E48ADF44BF91}.Debug|Any CPU.ActiveCfg = Debug|Any CPU
		{3D7EBC9D-873F-472A-B622-E48ADF44BF91}.Debug|Any CPU.Build.0 = Debug|Any CPU
		{3D7EBC9D-873F-472A-B622-E48ADF44BF91}.Release|Any CPU.ActiveCfg = Release|Any CPU
		{3D7EBC9D-873F-472A-B622-E48ADF44BF91}.Release|Any CPU.Build.0 = Release|Any CPU
		{52B9E812-D2CD-4CDF-94DB-AEFED2DF7959}.Debug|Any CPU.ActiveCfg = Debug|Any CPU
		{52B9E812-D2CD-4CDF-94DB-AEFED2DF7959}.Debug|Any CPU.Build.0 = Debug|Any CPU
		{52B9E812-D2CD-4CDF-94DB-AEFED2DF7959}.Release|Any CPU.ActiveCfg = Release|Any CPU
		{52B9E812-D2CD-4CDF-94DB-AEFED2DF7959}.Release|Any CPU.Build.0 = Release|Any CPU
		{C1C40711-F41F-4A3D-8719-A561FD1913F3}.Debug|Any CPU.ActiveCfg = Debug|Any CPU
		{C1C40711-F41F-4A3D-8719-A561FD1913F3}.Debug|Any CPU.Build.0 = Debug|Any CPU
		{C1C40711-F41F-4A3D-8719-A561FD1913F3}.Release|Any CPU.ActiveCfg = Release|Any CPU
		{C1C40711-F41F-4A3D-8719-A561FD1913F3}.Release|Any CPU.Build.0 = Release|Any CPU
		{D7A1BAE4-BFB8-43CD-8486-2FACE0F430AE}.Debug|Any CPU.ActiveCfg = Debug|Any CPU
		{D7A1BAE4-BFB8-43CD-8486-2FACE0F430AE}.Debug|Any CPU.Build.0 = Debug|Any CPU
		{D7A1BAE4-BFB8-43CD-8486-2FACE0F430AE}.Release|Any CPU.ActiveCfg = Release|Any CPU
		{D7A1BAE4-BFB8-43CD-8486-2FACE0F430AE}.Release|Any CPU.Build.0 = Release|Any CPU
	EndGlobalSection
	GlobalSection(SolutionProperties) = preSolution
		HideSolutionNode = FALSE
	EndGlobalSection
	GlobalSection(NestedProjects) = preSolution
		{5DE6581C-31A2-4EDE-8A19-ED57B688FE1B} = {1FD7C45A-06F2-49A7-BF4C-51BB0B891677}
		{4F4F3BB2-EF82-46ED-A8E9-4F3AED7CD064} = {1FD7C45A-06F2-49A7-BF4C-51BB0B891677}
		{AA249CC0-063B-4899-B02B-271D93037533} = {1FD7C45A-06F2-49A7-BF4C-51BB0B891677}
		{09FE5C0A-8E21-4E83-8087-3F74F648E116} = {4F4F3BB2-EF82-46ED-A8E9-4F3AED7CD064}
		{F6AAC44A-1E0D-4F3D-BD8D-DEA4361EA1D9} = {4F4F3BB2-EF82-46ED-A8E9-4F3AED7CD064}
		{0749C052-49F9-4C33-AC61-B210A3EE8351} = {5DE6581C-31A2-4EDE-8A19-ED57B688FE1B}
		{14F2BD5C-8566-4BEC-B387-944586B82816} = {5DE6581C-31A2-4EDE-8A19-ED57B688FE1B}
		{BD397731-DE54-4650-9828-96169529F7A5} = {5DE6581C-31A2-4EDE-8A19-ED57B688FE1B}
		{3D7EBC9D-873F-472A-B622-E48ADF44BF91} = {AA249CC0-063B-4899-B02B-271D93037533}
		{C1C40711-F41F-4A3D-8719-A561FD1913F3} = {AA249CC0-063B-4899-B02B-271D93037533}
		{D7A1BAE4-BFB8-43CD-8486-2FACE0F430AE} = {AA249CC0-063B-4899-B02B-271D93037533}
	EndGlobalSection
	GlobalSection(ExtensibilityGlobals) = postSolution
		SolutionGuid = {7588FAA0-2B6E-4A02-9B71-D1C3097AEBCB}
	EndGlobalSection
EndGlobal
